{
  "name": "zzz-sleepy",
  "version": "1.0.0",
  "lockfileVersion": 3,
  "requires": true,
  "packages": {
    "": {
      "name": "zzz-sleepy",
      "version": "1.0.0",
      "license": "ISC",
      "dependencies": {
        "lunar-javascript": "^1.7.3"
      }
    },
    "node_modules/lunar-javascript": {
      "version": "1.7.3",
      "resolved": "https://registry.npmmirror.com/lunar-javascript/-/lunar-javascript-1.7.3.tgz",
      "integrity": "sha512-p03Nj1D50UIHF66nRszKh9jDGf1nSsGlRFavrbqV6cz9UgOAcjQw7m0NRprjxPV3JsKKwhw4almHhe8BKkNFgg=="
    }
  }
}
